
Microsoft Visual Studio Solution File, Format Version 12.00
# Visual Studio Version 16
VisualStudioVersion = 16.0.30204.135
MinimumVisualStudioVersion = 10.0.40219.1
Project("{9A19103F-16F7-4668-BE54-9A1E7A4F7556}") = "Authentication", "Authentication\Authentication.csproj", "{77DA067D-691F-40A7-9411-5DD1240A5FF7}"
EndProject
Project("{FAE04EC0-301F-11D3-BF4B-00C04F79EFBC}") = "Identity", "..\Identity\Identity.csproj", "{6C5A40E3-1589-44DC-A6D8-F1BFE291770C}"
EndProject
Project("{FAE04EC0-301F-11D3-BF4B-00C04F79EFBC}") = "AutheDemo", "..\AutheDemo\AutheDemo.csproj", "{7F379493-EB04-4FFE-994C-78B4E273FA28}"
EndProject
Global
	GlobalSection(SolutionConfigurationPlatforms) = preSolution
		Debug|Any CPU = Debug|Any CPU
		Release|Any CPU = Release|Any CPU
	EndGlobalSection
	GlobalSection(ProjectConfigurationPlatforms) = postSolution
		{77DA067D-691F-40A7-9411-5DD1240A5FF7}.Debug|Any CPU.ActiveCfg = Debug|Any CPU
		{77DA067D-691F-40A7-9411-5DD1240A5FF7}.Debug|Any CPU.Build.0 = Debug|Any CPU
		{77DA067D-691F-40A7-9411-5DD1240A5FF7}.Release|Any CPU.ActiveCfg = Release|Any CPU
		{77DA067D-691F-40A7-9411-5DD1240A5FF7}.Release|Any CPU.Build.0 = Release|Any CPU
		{6C5A40E3-1589-44DC-A6D8-F1BFE291770C}.Debug|Any CPU.ActiveCfg = Debug|Any CPU
		{6C5A40E3-1589-44DC-A6D8-F1BFE291770C}.Debug|Any CPU.Build.0 = Debug|Any CPU
		{6C5A40E3-1589-44DC-A6D8-F1BFE291770C}.Release|Any CPU.ActiveCfg = Release|Any CPU
		{6C5A40E3-1589-44DC-A6D8-F1BFE291770C}.Release|Any CPU.Build.0 = Release|Any CPU
		{7F379493-EB04-4FFE-994C-78B4E273FA28}.Debug|Any CPU.ActiveCfg = Debug|Any CPU
		{7F379493-EB04-4FFE-994C-78B4E273FA28}.Debug|Any CPU.Build.0 = Debug|Any CPU
		{7F379493-EB04-4FFE-994C-78B4E273FA28}.Release|Any CPU.ActiveCfg = Release|Any CPU
		{7F379493-EB04-4FFE-994C-78B4E273FA28}.Release|Any CPU.Build.0 = Release|Any CPU
	EndGlobalSection
	GlobalSection(SolutionProperties) = preSolution
		HideSolutionNode = FALSE
	EndGlobalSection
	GlobalSection(ExtensibilityGlobals) = postSolution
		SolutionGuid = {4DB19C0A-B438-4391-9318-4E15F743CA1E}
	EndGlobalSection
EndGlobal
